
Microsoft Visual Studio Solution File, Format Version 12.00
# Visual Studio Version 16
VisualStudioVersion = 16.0.33423.256
MinimumVisualStudioVersion = 10.0.40219.1
Project("{FAE04EC0-301F-11D3-BF4B-00C04F79EFBC}") = "GridClient", "GridClient\GridClient.csproj", "{7E39A489-D8F0-4F79-8229-8555D8CE96BC}"
EndProject
Project("{FAE04EC0-301F-11D3-BF4B-00C04F79EFBC}") = "GridServer", "GridServer\GridServer.csproj", "{48FFA17D-D49F-4B94-91DE-1A5B13F2DBCF}"
EndProject
Project("{FAE04EC0-301F-11D3-BF4B-00C04F79EFBC}") = "GridLibrary", "GridLibrary\GridLibrary.csproj", "{7663EEC8-665F-4D61-A051-6242259BC755}"
EndProject
Global
	GlobalSection(SolutionConfigurationPlatforms) = preSolution
		Debug|Any CPU = Debug|Any CPU
		Release|Any CPU = Release|Any CPU
	EndGlobalSection
	GlobalSection(ProjectConfigurationPlatforms) = postSolution
		{7E39A489-D8F0-4F79-8229-8555D8CE96BC}.Debug|Any CPU.ActiveCfg = Debug|Any CPU
		{7E39A489-D8F0-4F79-8229-8555D8CE96BC}.Debug|Any CPU.Build.0 = Debug|Any CPU
		{7E39A489-D8F0-4F79-8229-8555D8CE96BC}.Release|Any CPU.ActiveCfg = Release|Any CPU
		{7E39A489-D8F0-4F79-8229-8555D8CE96BC}.Release|Any CPU.Build.0 = Release|Any CPU
		{48FFA17D-D49F-4B94-91DE-1A5B13F2DBCF}.Debug|Any CPU.ActiveCfg = Debug|Any CPU
		{48FFA17D-D49F-4B94-91DE-1A5B13F2DBCF}.Debug|Any CPU.Build.0 = Debug|Any CPU
		{48FFA17D-D49F-4B94-91DE-1A5B13F2DBCF}.Release|Any CPU.ActiveCfg = Release|Any CPU
		{48FFA17D-D49F-4B94-91DE-1A5B13F2DBCF}.Release|Any CPU.Build.0 = Release|Any CPU
		{7663EEC8-665F-4D61-A051-6242259BC755}.Debug|Any CPU.ActiveCfg = Debug|Any CPU
		{7663EEC8-665F-4D61-A051-6242259BC755}.Debug|Any CPU.Build.0 = Debug|Any CPU
		{7663EEC8-665F-4D61-A051-6242259BC755}.Release|Any CPU.ActiveCfg = Release|Any CPU
		{7663EEC8-665F-4D61-A051-6242259BC755}.Release|Any CPU.Build.0 = Release|Any CPU
	EndGlobalSection
	GlobalSection(SolutionProperties) = preSolution
		HideSolutionNode = FALSE
	EndGlobalSection
	GlobalSection(ExtensibilityGlobals) = postSolution
		SolutionGuid = {3B174151-725C-4ACB-A226-82D79577AE63}
	EndGlobalSection
EndGlobal
